
Microsoft Visual Studio Solution File, Format Version 12.00
# Visual Studio Version 16
VisualStudioVersion = 16.0.30309.148
MinimumVisualStudioVersion = 10.0.40219.1
Project("{FAE04EC0-301F-11D3-BF4B-00C04F79EFBC}") = "MUMU", "MUMU.csproj", "{2FD58B31-26FC-4611-86E6-DD62B53F1D26}"
EndProject
Project("{FAE04EC0-301F-11D3-BF4B-00C04F79EFBC}") = "Mum_Smple_Problems", "..\Mum_Smple_Problems\Mum_Smple_Problems.csproj", "{0971BB0B-2EC1-41A3-9710-5DFA253AF914}"
EndProject
Global
	GlobalSection(SolutionConfigurationPlatforms) = preSolution
		Debug|Any CPU = Debug|Any CPU
		Release|Any CPU = Release|Any CPU
	EndGlobalSection
	GlobalSection(ProjectConfigurationPlatforms) = postSolution
		{2FD58B31-26FC-4611-86E6-DD62B53F1D26}.Debug|Any CPU.ActiveCfg = Debug|Any CPU
		{2FD58B31-26FC-4611-86E6-DD62B53F1D26}.Debug|Any CPU.Build.0 = Debug|Any CPU
		{2FD58B31-26FC-4611-86E6-DD62B53F1D26}.Release|Any CPU.ActiveCfg = Release|Any CPU
		{2FD58B31-26FC-4611-86E6-DD62B53F1D26}.Release|Any CPU.Build.0 = Release|Any CPU
		{0971BB0B-2EC1-41A3-9710-5DFA253AF914}.Debug|Any CPU.ActiveCfg = Debug|Any CPU
		{0971BB0B-2EC1-41A3-9710-5DFA253AF914}.Debug|Any CPU.Build.0 = Debug|Any CPU
		{0971BB0B-2EC1-41A3-9710-5DFA253AF914}.Release|Any CPU.ActiveCfg = Release|Any CPU
		{0971BB0B-2EC1-41A3-9710-5DFA253AF914}.Release|Any CPU.Build.0 = Release|Any CPU
	EndGlobalSection
	GlobalSection(SolutionProperties) = preSolution
		HideSolutionNode = FALSE
	EndGlobalSection
	GlobalSection(ExtensibilityGlobals) = postSolution
		SolutionGuid = {45CD2102-C232-457C-8533-6FE9D7C4465E}
	EndGlobalSection
EndGlobal
